
Microsoft Visual Studio Solution File, Format Version 12.00
# Visual Studio Version 16
VisualStudioVersion = 16.0.30204.135
MinimumVisualStudioVersion = 10.0.40219.1
Project("{FAE04EC0-301F-11D3-BF4B-00C04F79EFBC}") = "PawnsTakeNaps", "PawnsTakeNaps.csproj", "{DDCE5517-4099-4DA7-B8B8-E25AAFE4CA9A}"
EndProject
Global
	GlobalSection(SolutionConfigurationPlatforms) = preSolution
		Debug|Any CPU = Debug|Any CPU
		Release|Any CPU = Release|Any CPU
	EndGlobalSection
	GlobalSection(ProjectConfigurationPlatforms) = postSolution
		{DDCE5517-4099-4DA7-B8B8-E25AAFE4CA9A}.Debug|Any CPU.ActiveCfg = Debug|Any CPU
		{DDCE5517-4099-4DA7-B8B8-E25AAFE4CA9A}.Debug|Any CPU.Build.0 = Debug|Any CPU
		{DDCE5517-4099-4DA7-B8B8-E25AAFE4CA9A}.Release|Any CPU.ActiveCfg = Release|Any CPU
		{DDCE5517-4099-4DA7-B8B8-E25AAFE4CA9A}.Release|Any CPU.Build.0 = Release|Any CPU
	EndGlobalSection
	GlobalSection(SolutionProperties) = preSolution
		HideSolutionNode = FALSE
	EndGlobalSection
	GlobalSection(ExtensibilityGlobals) = postSolution
		SolutionGuid = {17E3D141-73D3-4C26-8EB9-065D74A1081D}
	EndGlobalSection
EndGlobal
